
Microsoft Visual Studio Solution File, Format Version 12.00
# Visual Studio 15
VisualStudioVersion = 15.0.26124.0
MinimumVisualStudioVersion = 15.0.26124.0
Project("{FAE04EC0-301F-11D3-BF4B-00C04F79EFBC}") = "Cli", "Cli\Cli.csproj", "{401ECD59-9FDF-4B85-9FCC-5CF7F0791391}"
EndProject
Project("{FAE04EC0-301F-11D3-BF4B-00C04F79EFBC}") = "Definitions", "Definitions\Definitions.csproj", "{29C9CA95-C240-48C4-9563-5499FD27FA8D}"
EndProject
Project("{FAE04EC0-301F-11D3-BF4B-00C04F79EFBC}") = "Yaml", "Yaml\Yaml.csproj", "{DA0EB003-D305-4729-95E3-C2241884B5FD}"
EndProject
Project("{FAE04EC0-301F-11D3-BF4B-00C04F79EFBC}") = "Sql", "Sql\Sql.csproj", "{AAF70DD7-C89B-4389-A0E3-EC67A858EEAE}"
EndProject
Project("{FAE04EC0-301F-11D3-BF4B-00C04F79EFBC}") = "Extensions", "Extensions\Extensions.csproj", "{C67A8485-759F-47BC-B1AC-E5EF378E0EE7}"
EndProject
Project("{FAE04EC0-301F-11D3-BF4B-00C04F79EFBC}") = "Conversion", "Conversion\Conversion.csproj", "{EF5AC83A-9BCE-47AC-A3AE-B7FB7D6269DD}"
EndProject
Project("{FAE04EC0-301F-11D3-BF4B-00C04F79EFBC}") = "Templating", "Templating\Templating.csproj", "{4C36B561-D63F-4D58-B252-96AFDFFBE781}"
EndProject
Project("{FAE04EC0-301F-11D3-BF4B-00C04F79EFBC}") = "CSharp", "CSharp\CSharp.csproj", "{E30FBDE7-DA52-4633-871F-C0C4DC500E1A}"
EndProject
Project("{FAE04EC0-301F-11D3-BF4B-00C04F79EFBC}") = "deployment", "deployment\deployment.csproj", "{C0AE0DCE-A844-4238-921E-547B46F5382C}"
EndProject
Global
	GlobalSection(SolutionConfigurationPlatforms) = preSolution
		Debug|Any CPU = Debug|Any CPU
		Debug|x64 = Debug|x64
		Debug|x86 = Debug|x86
		Release|Any CPU = Release|Any CPU
		Release|x64 = Release|x64
		Release|x86 = Release|x86
	EndGlobalSection
	GlobalSection(SolutionProperties) = preSolution
		HideSolutionNode = FALSE
	EndGlobalSection
	GlobalSection(ProjectConfigurationPlatforms) = postSolution
		{401ECD59-9FDF-4B85-9FCC-5CF7F0791391}.Debug|Any CPU.ActiveCfg = Debug|Any CPU
		{401ECD59-9FDF-4B85-9FCC-5CF7F0791391}.Debug|Any CPU.Build.0 = Debug|Any CPU
		{401ECD59-9FDF-4B85-9FCC-5CF7F0791391}.Debug|x64.ActiveCfg = Debug|x64
		{401ECD59-9FDF-4B85-9FCC-5CF7F0791391}.Debug|x64.Build.0 = Debug|x64
		{401ECD59-9FDF-4B85-9FCC-5CF7F0791391}.Debug|x86.ActiveCfg = Debug|x86
		{401ECD59-9FDF-4B85-9FCC-5CF7F0791391}.Debug|x86.Build.0 = Debug|x86
		{401ECD59-9FDF-4B85-9FCC-5CF7F0791391}.Release|Any CPU.ActiveCfg = Release|Any CPU
		{401ECD59-9FDF-4B85-9FCC-5CF7F0791391}.Release|Any CPU.Build.0 = Release|Any CPU
		{401ECD59-9FDF-4B85-9FCC-5CF7F0791391}.Release|x64.ActiveCfg = Release|x64
		{401ECD59-9FDF-4B85-9FCC-5CF7F0791391}.Release|x64.Build.0 = Release|x64
		{401ECD59-9FDF-4B85-9FCC-5CF7F0791391}.Release|x86.ActiveCfg = Release|x86
		{401ECD59-9FDF-4B85-9FCC-5CF7F0791391}.Release|x86.Build.0 = Release|x86
		{29C9CA95-C240-48C4-9563-5499FD27FA8D}.Debug|Any CPU.ActiveCfg = Debug|Any CPU
		{29C9CA95-C240-48C4-9563-5499FD27FA8D}.Debug|Any CPU.Build.0 = Debug|Any CPU
		{29C9CA95-C240-48C4-9563-5499FD27FA8D}.Debug|x64.ActiveCfg = Debug|x64
		{29C9CA95-C240-48C4-9563-5499FD27FA8D}.Debug|x64.Build.0 = Debug|x64
		{29C9CA95-C240-48C4-9563-5499FD27FA8D}.Debug|x86.ActiveCfg = Debug|x86
		{29C9CA95-C240-48C4-9563-5499FD27FA8D}.Debug|x86.Build.0 = Debug|x86
		{29C9CA95-C240-48C4-9563-5499FD27FA8D}.Release|Any CPU.ActiveCfg = Release|Any CPU
		{29C9CA95-C240-48C4-9563-5499FD27FA8D}.Release|Any CPU.Build.0 = Release|Any CPU
		{29C9CA95-C240-48C4-9563-5499FD27FA8D}.Release|x64.ActiveCfg = Release|x64
		{29C9CA95-C240-48C4-9563-5499FD27FA8D}.Release|x64.Build.0 = Release|x64
		{29C9CA95-C240-48C4-9563-5499FD27FA8D}.Release|x86.ActiveCfg = Release|x86
		{29C9CA95-C240-48C4-9563-5499FD27FA8D}.Release|x86.Build.0 = Release|x86
		{DA0EB003-D305-4729-95E3-C2241884B5FD}.Debug|Any CPU.ActiveCfg = Debug|Any CPU
		{DA0EB003-D305-4729-95E3-C2241884B5FD}.Debug|Any CPU.Build.0 = Debug|Any CPU
		{DA0EB003-D305-4729-95E3-C2241884B5FD}.Debug|x64.ActiveCfg = Debug|x64
		{DA0EB003-D305-4729-95E3-C2241884B5FD}.Debug|x64.Build.0 = Debug|x64
		{DA0EB003-D305-4729-95E3-C2241884B5FD}.Debug|x86.ActiveCfg = Debug|x86
		{DA0EB003-D305-4729-95E3-C2241884B5FD}.Debug|x86.Build.0 = Debug|x86
		{DA0EB003-D305-4729-95E3-C2241884B5FD}.Release|Any CPU.ActiveCfg = Release|Any CPU
		{DA0EB003-D305-4729-95E3-C2241884B5FD}.Release|Any CPU.Build.0 = Release|Any CPU
		{DA0EB003-D305-4729-95E3-C2241884B5FD}.Release|x64.ActiveCfg = Release|x64
		{DA0EB003-D305-4729-95E3-C2241884B5FD}.Release|x64.Build.0 = Release|x64
		{DA0EB003-D305-4729-95E3-C2241884B5FD}.Release|x86.ActiveCfg = Release|x86
		{DA0EB003-D305-4729-95E3-C2241884B5FD}.Release|x86.Build.0 = Release|x86
		{AAF70DD7-C89B-4389-A0E3-EC67A858EEAE}.Debug|Any CPU.ActiveCfg = Debug|Any CPU
		{AAF70DD7-C89B-4389-A0E3-EC67A858EEAE}.Debug|Any CPU.Build.0 = Debug|Any CPU
		{AAF70DD7-C89B-4389-A0E3-EC67A858EEAE}.Debug|x64.ActiveCfg = Debug|x64
		{AAF70DD7-C89B-4389-A0E3-EC67A858EEAE}.Debug|x64.Build.0 = Debug|x64
		{AAF70DD7-C89B-4389-A0E3-EC67A858EEAE}.Debug|x86.ActiveCfg = Debug|x86
		{AAF70DD7-C89B-4389-A0E3-EC67A858EEAE}.Debug|x86.Build.0 = Debug|x86
		{AAF70DD7-C89B-4389-A0E3-EC67A858EEAE}.Release|Any CPU.ActiveCfg = Release|Any CPU
		{AAF70DD7-C89B-4389-A0E3-EC67A858EEAE}.Release|Any CPU.Build.0 = Release|Any CPU
		{AAF70DD7-C89B-4389-A0E3-EC67A858EEAE}.Release|x64.ActiveCfg = Release|x64
		{AAF70DD7-C89B-4389-A0E3-EC67A858EEAE}.Release|x64.Build.0 = Release|x64
		{AAF70DD7-C89B-4389-A0E3-EC67A858EEAE}.Release|x86.ActiveCfg = Release|x86
		{AAF70DD7-C89B-4389-A0E3-EC67A858EEAE}.Release|x86.Build.0 = Release|x86
		{44531DE1-8B05-4F11-AA02-CB5C03124358}.Debug|Any CPU.ActiveCfg = Debug|Any CPU
		{44531DE1-8B05-4F11-AA02-CB5C03124358}.Debug|Any CPU.Build.0 = Debug|Any CPU
		{44531DE1-8B05-4F11-AA02-CB5C03124358}.Debug|x64.ActiveCfg = Debug|x64
		{44531DE1-8B05-4F11-AA02-CB5C03124358}.Debug|x64.Build.0 = Debug|x64
		{44531DE1-8B05-4F11-AA02-CB5C03124358}.Debug|x86.ActiveCfg = Debug|x86
		{44531DE1-8B05-4F11-AA02-CB5C03124358}.Debug|x86.Build.0 = Debug|x86
		{44531DE1-8B05-4F11-AA02-CB5C03124358}.Release|Any CPU.ActiveCfg = Release|Any CPU
		{44531DE1-8B05-4F11-AA02-CB5C03124358}.Release|Any CPU.Build.0 = Release|Any CPU
		{44531DE1-8B05-4F11-AA02-CB5C03124358}.Release|x64.ActiveCfg = Release|x64
		{44531DE1-8B05-4F11-AA02-CB5C03124358}.Release|x64.Build.0 = Release|x64
		{44531DE1-8B05-4F11-AA02-CB5C03124358}.Release|x86.ActiveCfg = Release|x86
		{44531DE1-8B05-4F11-AA02-CB5C03124358}.Release|x86.Build.0 = Release|x86
		{C67A8485-759F-47BC-B1AC-E5EF378E0EE7}.Debug|Any CPU.ActiveCfg = Debug|Any CPU
		{C67A8485-759F-47BC-B1AC-E5EF378E0EE7}.Debug|Any CPU.Build.0 = Debug|Any CPU
		{C67A8485-759F-47BC-B1AC-E5EF378E0EE7}.Debug|x64.ActiveCfg = Debug|x64
		{C67A8485-759F-47BC-B1AC-E5EF378E0EE7}.Debug|x64.Build.0 = Debug|x64
		{C67A8485-759F-47BC-B1AC-E5EF378E0EE7}.Debug|x86.ActiveCfg = Debug|x86
		{C67A8485-759F-47BC-B1AC-E5EF378E0EE7}.Debug|x86.Build.0 = Debug|x86
		{C67A8485-759F-47BC-B1AC-E5EF378E0EE7}.Release|Any CPU.ActiveCfg = Release|Any CPU
		{C67A8485-759F-47BC-B1AC-E5EF378E0EE7}.Release|Any CPU.Build.0 = Release|Any CPU
		{C67A8485-759F-47BC-B1AC-E5EF378E0EE7}.Release|x64.ActiveCfg = Release|x64
		{C67A8485-759F-47BC-B1AC-E5EF378E0EE7}.Release|x64.Build.0 = Release|x64
		{C67A8485-759F-47BC-B1AC-E5EF378E0EE7}.Release|x86.ActiveCfg = Release|x86
		{C67A8485-759F-47BC-B1AC-E5EF378E0EE7}.Release|x86.Build.0 = Release|x86
		{EF5AC83A-9BCE-47AC-A3AE-B7FB7D6269DD}.Debug|Any CPU.ActiveCfg = Debug|Any CPU
		{EF5AC83A-9BCE-47AC-A3AE-B7FB7D6269DD}.Debug|Any CPU.Build.0 = Debug|Any CPU
		{EF5AC83A-9BCE-47AC-A3AE-B7FB7D6269DD}.Debug|x64.ActiveCfg = Debug|x64
		{EF5AC83A-9BCE-47AC-A3AE-B7FB7D6269DD}.Debug|x64.Build.0 = Debug|x64
		{EF5AC83A-9BCE-47AC-A3AE-B7FB7D6269DD}.Debug|x86.ActiveCfg = Debug|x86
		{EF5AC83A-9BCE-47AC-A3AE-B7FB7D6269DD}.Debug|x86.Build.0 = Debug|x86
		{EF5AC83A-9BCE-47AC-A3AE-B7FB7D6269DD}.Release|Any CPU.ActiveCfg = Release|Any CPU
		{EF5AC83A-9BCE-47AC-A3AE-B7FB7D6269DD}.Release|Any CPU.Build.0 = Release|Any CPU
		{EF5AC83A-9BCE-47AC-A3AE-B7FB7D6269DD}.Release|x64.ActiveCfg = Release|x64
		{EF5AC83A-9BCE-47AC-A3AE-B7FB7D6269DD}.Release|x64.Build.0 = Release|x64
		{EF5AC83A-9BCE-47AC-A3AE-B7FB7D6269DD}.Release|x86.ActiveCfg = Release|x86
		{EF5AC83A-9BCE-47AC-A3AE-B7FB7D6269DD}.Release|x86.Build.0 = Release|x86
		{4C36B561-D63F-4D58-B252-96AFDFFBE781}.Debug|Any CPU.ActiveCfg = Debug|Any CPU
		{4C36B561-D63F-4D58-B252-96AFDFFBE781}.Debug|Any CPU.Build.0 = Debug|Any CPU
		{4C36B561-D63F-4D58-B252-96AFDFFBE781}.Debug|x64.ActiveCfg = Debug|x64
		{4C36B561-D63F-4D58-B252-96AFDFFBE781}.Debug|x64.Build.0 = Debug|x64
		{4C36B561-D63F-4D58-B252-96AFDFFBE781}.Debug|x86.ActiveCfg = Debug|x86
		{4C36B561-D63F-4D58-B252-96AFDFFBE781}.Debug|x86.Build.0 = Debug|x86
		{4C36B561-D63F-4D58-B252-96AFDFFBE781}.Release|Any CPU.ActiveCfg = Release|Any CPU
		{4C36B561-D63F-4D58-B252-96AFDFFBE781}.Release|Any CPU.Build.0 = Release|Any CPU
		{4C36B561-D63F-4D58-B252-96AFDFFBE781}.Release|x64.ActiveCfg = Release|x64
		{4C36B561-D63F-4D58-B252-96AFDFFBE781}.Release|x64.Build.0 = Release|x64
		{4C36B561-D63F-4D58-B252-96AFDFFBE781}.Release|x86.ActiveCfg = Release|x86
		{4C36B561-D63F-4D58-B252-96AFDFFBE781}.Release|x86.Build.0 = Release|x86
		{E30FBDE7-DA52-4633-871F-C0C4DC500E1A}.Debug|Any CPU.ActiveCfg = Debug|Any CPU
		{E30FBDE7-DA52-4633-871F-C0C4DC500E1A}.Debug|Any CPU.Build.0 = Debug|Any CPU
		{E30FBDE7-DA52-4633-871F-C0C4DC500E1A}.Debug|x64.ActiveCfg = Debug|x64
		{E30FBDE7-DA52-4633-871F-C0C4DC500E1A}.Debug|x64.Build.0 = Debug|x64
		{E30FBDE7-DA52-4633-871F-C0C4DC500E1A}.Debug|x86.ActiveCfg = Debug|x86
		{E30FBDE7-DA52-4633-871F-C0C4DC500E1A}.Debug|x86.Build.0 = Debug|x86
		{E30FBDE7-DA52-4633-871F-C0C4DC500E1A}.Release|Any CPU.ActiveCfg = Release|Any CPU
		{E30FBDE7-DA52-4633-871F-C0C4DC500E1A}.Release|Any CPU.Build.0 = Release|Any CPU
		{E30FBDE7-DA52-4633-871F-C0C4DC500E1A}.Release|x64.ActiveCfg = Release|x64
		{E30FBDE7-DA52-4633-871F-C0C4DC500E1A}.Release|x64.Build.0 = Release|x64
		{E30FBDE7-DA52-4633-871F-C0C4DC500E1A}.Release|x86.ActiveCfg = Release|x86
		{E30FBDE7-DA52-4633-871F-C0C4DC500E1A}.Release|x86.Build.0 = Release|x86
		{C0AE0DCE-A844-4238-921E-547B46F5382C}.Debug|Any CPU.ActiveCfg = Debug|Any CPU
		{C0AE0DCE-A844-4238-921E-547B46F5382C}.Debug|Any CPU.Build.0 = Debug|Any CPU
		{C0AE0DCE-A844-4238-921E-547B46F5382C}.Debug|x64.ActiveCfg = Debug|x64
		{C0AE0DCE-A844-4238-921E-547B46F5382C}.Debug|x64.Build.0 = Debug|x64
		{C0AE0DCE-A844-4238-921E-547B46F5382C}.Debug|x86.ActiveCfg = Debug|x86
		{C0AE0DCE-A844-4238-921E-547B46F5382C}.Debug|x86.Build.0 = Debug|x86
		{C0AE0DCE-A844-4238-921E-547B46F5382C}.Release|Any CPU.ActiveCfg = Release|Any CPU
		{C0AE0DCE-A844-4238-921E-547B46F5382C}.Release|Any CPU.Build.0 = Release|Any CPU
		{C0AE0DCE-A844-4238-921E-547B46F5382C}.Release|x64.ActiveCfg = Release|x64
		{C0AE0DCE-A844-4238-921E-547B46F5382C}.Release|x64.Build.0 = Release|x64
		{C0AE0DCE-A844-4238-921E-547B46F5382C}.Release|x86.ActiveCfg = Release|x86
		{C0AE0DCE-A844-4238-921E-547B46F5382C}.Release|x86.Build.0 = Release|x86
	EndGlobalSection
EndGlobal
